
Microsoft Visual Studio Solution File, Format Version 12.00
# Visual Studio 15
VisualStudioVersion = 15.0.27130.2024
MinimumVisualStudioVersion = 10.0.40219.1
Project("{FAE04EC0-301F-11D3-BF4B-00C04F79EFBC}") = "ConsolePixel", "ConsolePixel\ConsolePixel.csproj", "{10C7E3F2-52B7-439C-8725-1DAAD267663D}"
EndProject
Global
	GlobalSection(SolutionConfigurationPlatforms) = preSolution
		Debug|Any CPU = Debug|Any CPU
		Release|Any CPU = Release|Any CPU
	EndGlobalSection
	GlobalSection(ProjectConfigurationPlatforms) = postSolution
		{10C7E3F2-52B7-439C-8725-1DAAD267663D}.Debug|Any CPU.ActiveCfg = Debug|Any CPU
		{10C7E3F2-52B7-439C-8725-1DAAD267663D}.Debug|Any CPU.Build.0 = Debug|Any CPU
		{10C7E3F2-52B7-439C-8725-1DAAD267663D}.Release|Any CPU.ActiveCfg = Release|Any CPU
		{10C7E3F2-52B7-439C-8725-1DAAD267663D}.Release|Any CPU.Build.0 = Release|Any CPU
	EndGlobalSection
	GlobalSection(SolutionProperties) = preSolution
		HideSolutionNode = FALSE
	EndGlobalSection
	GlobalSection(ExtensibilityGlobals) = postSolution
		SolutionGuid = {C9ABDF66-3271-4C72-BED1-F78A2D05E164}
	EndGlobalSection
EndGlobal
